
Microsoft Visual Studio Solution File, Format Version 12.00
# Visual Studio 2013
VisualStudioVersion = 12.0.30723.0
MinimumVisualStudioVersion = 10.0.40219.1
Project("{FAE04EC0-301F-11D3-BF4B-00C04F79EFBC}") = "hotel_management_system_webapi", "hotel_management_system_webapi\hotel_management_system_webapi.csproj", "{577B224B-C42D-4DF6-A615-1D936DBDF627}"
EndProject
Global
	GlobalSection(SolutionConfigurationPlatforms) = preSolution
		Debug|Any CPU = Debug|Any CPU
		Release|Any CPU = Release|Any CPU
	EndGlobalSection
	GlobalSection(ProjectConfigurationPlatforms) = postSolution
		{577B224B-C42D-4DF6-A615-1D936DBDF627}.Debug|Any CPU.ActiveCfg = Debug|Any CPU
		{577B224B-C42D-4DF6-A615-1D936DBDF627}.Debug|Any CPU.Build.0 = Debug|Any CPU
		{577B224B-C42D-4DF6-A615-1D936DBDF627}.Release|Any CPU.ActiveCfg = Release|Any CPU
		{577B224B-C42D-4DF6-A615-1D936DBDF627}.Release|Any CPU.Build.0 = Release|Any CPU
	EndGlobalSection
	GlobalSection(SolutionProperties) = preSolution
		HideSolutionNode = FALSE
	EndGlobalSection
EndGlobal
